{
  "name": "libraryassignment",
  "version": "1.0.0",
  "lockfileVersion": 2,
  "requires": true,
  "packages": {
    "": {
      "name": "libraryassignment",
      "version": "1.0.0",
      "hasInstallScript": true,
      "license": "ISC",
      "engines": {
        "node": "14.18.1",
        "npm": "8.1.3"
      }
    }
  }
}
